// !$*UTF8*$!
{
	archiveVersion = 1;
	classes = {
	};
	objectVersion = 46;
	objects = {

/* Begin PBXBuildFile section */
		DB57FD731DC785CC00F853FD /* main.cpp in Sources */ = {isa = PBXBuildFile; fileRef = DB57FD721DC785CC00F853FD /* main.cpp */; };
		DB57FD821DC789CB00F853FD /* Game.cpp in Sources */ = {isa = PBXBuildFile; fileRef = DB57FD801DC789CB00F853FD /* Game.cpp */; };
/* End PBXBuildFile section */

/* Begin PBXContainerItemProxy section */
		DB57FD7D1DC787B200F853FD /* PBXContainerItemProxy */ = {
			isa = PBXContainerItemProxy;
			containerPortal = DB57FD791DC787B200F853FD /* Text Based Game.xcodeproj */;
			proxyType = 2;
			remoteGlobalIDString = DB384C5B1DBE5E30004303FB;
			remoteInfo = "Text Based Game";
		};
/* End PBXContainerItemProxy section */

/* Begin PBXCopyFilesBuildPhase section */
		DB57FD6D1DC785CB00F853FD /* CopyFiles */ = {
			isa = PBXCopyFilesBuildPhase;
			buildActionMask = 2147483647;
			dstPath = /usr/share/man/man1/;
			dstSubfolderSpec = 0;
			files = (
			);
			runOnlyForDeploymentPostprocessing = 1;
		};
/* End PBXCopyFilesBuildPhase section */

/* Begin PBXFileReference section */
		DB57FD6F1DC785CC00F853FD /* Genetics Coding Project */ = {isa = PBXFileReference; explicitFileType = "compiled.mach-o.executable"; includeInIndex = 0; path = "Genetics Coding Project"; sourceTree = BUILT_PRODUCTS_DIR; };
		DB57FD721DC785CC00F853FD /* main.cpp */ = {isa = PBXFileReference; lastKnownFileType = sourcecode.cpp.cpp; path = main.cpp; sourceTree = "<group>"; };
		DB57FD791DC787B200F853FD /* Text Based Game.xcodeproj */ = {isa = PBXFileReference; lastKnownFileType = "wrapper.pb-project"; name = "Text Based Game.xcodeproj"; path = "/Users/dylangrant/Documents/Workspace/Text Based Game/Text Based Game.xcodeproj"; sourceTree = "<absolute>"; };
		DB57FD7F1DC787E500F853FD /* main.h */ = {isa = PBXFileReference; lastKnownFileType = sourcecode.c.h; path = main.h; sourceTree = "<group>"; };
		DB57FD801DC789CB00F853FD /* Game.cpp */ = {isa = PBXFileReference; fileEncoding = 4; lastKnownFileType = sourcecode.cpp.cpp; path = Game.cpp; sourceTree = "<group>"; };
		DB57FD811DC789CB00F853FD /* Game.h */ = {isa = PBXFileReference; fileEncoding = 4; lastKnownFileType = sourcecode.c.h; path = Game.h; sourceTree = "<group>"; };
/* End PBXFileReference section */

/* Begin PBXFrameworksBuildPhase section */
		DB57FD6C1DC785CB00F853FD /* Frameworks */ = {
			isa = PBXFrameworksBuildPhase;
			buildActionMask = 2147483647;
			files = (
			);
			runOnlyForDeploymentPostprocessing = 0;
		};
/* End PBXFrameworksBuildPhase section */

/* Begin PBXGroup section */
		DB57FD661DC785CB00F853FD = {
			isa = PBXGroup;
			children = (
				DB57FD791DC787B200F853FD /* Text Based Game.xcodeproj */,
				DB57FD711DC785CC00F853FD /* Genetics Coding Project */,
				DB57FD701DC785CC00F853FD /* Products */,
			);
			sourceTree = "<group>";
		};
		DB57FD701DC785CC00F853FD /* Products */ = {
			isa = PBXGroup;
			children = (
				DB57FD6F1DC785CC00F853FD /* Genetics Coding Project */,
			);
			name = Products;
			sourceTree = "<group>";
		};
		DB57FD711DC785CC00F853FD /* Genetics Coding Project */ = {
			isa = PBXGroup;
			children = (
				DB57FD721DC785CC00F853FD /* main.cpp */,
				DB57FD7F1DC787E500F853FD /* main.h */,
				DB57FD801DC789CB00F853FD /* Game.cpp */,
				DB57FD811DC789CB00F853FD /* Game.h */,
			);
			path = "Genetics Coding Project";
			sourceTree = "<group>";
		};
		DB57FD7A1DC787B200F853FD /* Products */ = {
			isa = PBXGroup;
			children = (
				DB57FD7E1DC787B200F853FD /* Text Based Game */,
			);
			name = Products;
			sourceTree = "<group>";
		};
/* End PBXGroup section */

/* Begin PBXNativeTarget section */
		DB57FD6E1DC785CB00F853FD /* Genetics Coding Project */ = {
			isa = PBXNativeTarget;
			buildConfigurationList = DB57FD761DC785CC00F853FD /* Build configuration list for PBXNativeTarget "Genetics Coding Project" */;
			buildPhases = (
				DB57FD6B1DC785CB00F853FD /* Sources */,
				DB57FD6C1DC785CB00F853FD /* Frameworks */,
				DB57FD6D1DC785CB00F853FD /* CopyFiles */,
			);
			buildRules = (
			);
			dependencies = (
			);
			name = "Genetics Coding Project";
			productName = "Genetics Coding Project";
			productReference = DB57FD6F1DC785CC00F853FD /* Genetics Coding Project */;
			productType = "com.apple.product-type.tool";
		};
/* End PBXNativeTarget section */

/* Begin PBXProject section */
		DB57FD671DC785CB00F853FD /* Project object */ = {
			isa = PBXProject;
			attributes = {
				LastUpgradeCheck = 0800;
				ORGANIZATIONNAME = "Dylan Grant";
				TargetAttributes = {
					DB57FD6E1DC785CB00F853FD = {
						CreatedOnToolsVersion = 8.0;
						ProvisioningStyle = Automatic;
					};
				};
			};
			buildConfigurationList = DB57FD6A1DC785CB00F853FD /* Build configuration list for PBXProject "Genetics Coding Project" */;
			compatibilityVersion = "Xcode 3.2";
			developmentRegion = English;
			hasScannedForEncodings = 0;
			knownRegions = (
				en,
			);
			mainGroup = DB57FD661DC785CB00F853FD;
			productRefGroup = DB57FD701DC785CC00F853FD /* Products */;
			projectDirPath = "";
			projectReferences = (
				{
					ProductGroup = DB57FD7A1DC787B200F853FD /* Products */;
					ProjectRef = DB57FD791DC787B200F853FD /* Text Based Game.xcodeproj */;
				},
			);
			projectRoot = "";
			targets = (
				DB57FD6E1DC785CB00F853FD /* Genetics Coding Project */,
			);
		};
/* End PBXProject section */

/* Begin PBXReferenceProxy section */
		DB57FD7E1DC787B200F853FD /* Text Based Game */ = {
			isa = PBXReferenceProxy;
			fileType = "compiled.mach-o.executable";
			path = "Text Based Game";
			remoteRef = DB57FD7D1DC787B200F853FD /* PBXContainerItemProxy */;
			sourceTree = BUILT_PRODUCTS_DIR;
		};
/* End PBXReferenceProxy section */

/* Begin PBXSourcesBuildPhase section */
		DB57FD6B1DC785CB00F853FD /* Sources */ = {
			isa = PBXSourcesBuildPhase;
			buildActionMask = 2147483647;
			files = (
				DB57FD731DC785CC00F853FD /* main.cpp in Sources */,
				DB57FD821DC789CB00F853FD /* Game.cpp in Sources */,
			);
			runOnlyForDeploymentPostprocessing = 0;
		};
/* End PBXSourcesBuildPhase section */

/* Begin XCBuildConfiguration section */
		DB57FD741DC785CC00F853FD /* Debug */ = {
			isa = XCBuildConfiguration;
			buildSettings = {
				ALWAYS_SEARCH_USER_PATHS = NO;
				CLANG_ANALYZER_NONNULL = YES;
				CLANG_CXX_LANGUAGE_STANDARD = "gnu++0x";
				CLANG_CXX_LIBRARY = "libc++";
				CLANG_ENABLE_MODULES = YES;
				CLANG_ENABLE_OBJC_ARC = YES;
				CLANG_WARN_BOOL_CONVERSION = YES;
				CLANG_WARN_CONSTANT_CONVERSION = YES;
				CLANG_WARN_DIRECT_OBJC_ISA_USAGE = YES_ERROR;
				CLANG_WARN_DOCUMENTATION_COMMENTS = YES;
				CLANG_WARN_EMPTY_BODY = YES;
				CLANG_WARN_ENUM_CONVERSION = YES;
				CLANG_WARN_INFINITE_RECURSION = YES;
				CLANG_WARN_INT_CONVERSION = YES;
				CLANG_WARN_OBJC_ROOT_CLASS = YES_ERROR;
				CLANG_WARN_SUSPICIOUS_MOVES = YES;
				CLANG_WARN_UNREACHABLE_CODE = YES;
				CLANG_WARN__DUPLICATE_METHOD_MATCH = YES;
				CODE_SIGN_IDENTITY = "-";
				COPY_PHASE_STRIP = NO;
				DEBUG_INFORMATION_FORMAT = dwarf;
				ENABLE_STRICT_OBJC_MSGSEND = YES;
				ENABLE_TESTABILITY = YES;
				GCC_C_LANGUAGE_STANDARD = gnu99;
				GCC_DYNAMIC_NO_PIC = NO;
				GCC_NO_COMMON_BLOCKS = YES;
				GCC_OPTIMIZATION_LEVEL = 0;
				GCC_PREPROCESSOR_DEFINITIONS = (
					"DEBUG=1",
					"$(inherited)",
				);
				GCC_WARN_64_TO_32_BIT_CONVERSION = YES;
				GCC_WARN_ABOUT_RETURN_TYPE = YES_ERROR;
				GCC_WARN_UNDECLARED_SELECTOR = YES;
				GCC_WARN_UNINITIALIZED_AUTOS = YES_AGGRESSIVE;
				GCC_WARN_UNUSED_FUNCTION = YES;
				GCC_WARN_UNUSED_VARIABLE = YES;
				MACOSX_DEPLOYMENT_TARGET = 10.12;
				MTL_ENABLE_DEBUG_INFO = YES;
				ONLY_ACTIVE_ARCH = YES;
				SDKROOT = macosx;
			};
			name = Debug;
		};
		DB57FD751DC785CC00F853FD /* Release */ = {
			isa = XCBuildConfiguration;
			buildSettings = {
				ALWAYS_SEARCH_USER_PATHS = NO;
				CLANG_ANALYZER_NONNULL = YES;
				CLANG_CXX_LANGUAGE_STANDARD = "gnu++0x";
				CLANG_CXX_LIBRARY = "libc++";
				CLANG_ENABLE_MODULES = YES;
				CLANG_ENABLE_OBJC_ARC = YES;
				CLANG_WARN_BOOL_CONVERSION = YES;
				CLANG_WARN_CONSTANT_CONVERSION = YES;
				CLANG_WARN_DIRECT_OBJC_ISA_USAGE = YES_ERROR;
				CLANG_WARN_DOCUMENTATION_COMMENTS = YES;
				CLANG_WARN_EMPTY_BODY = YES;
				CLANG_WARN_ENUM_CONVERSION = YES;
				CLANG_WARN_INFINITE_RECURSION = YES;
				CLANG_WARN_INT_CONVERSION = YES;
				CLANG_WARN_OBJC_ROOT_CLASS = YES_ERROR;
				CLANG_WARN_SUSPICIOUS_MOVES = YES;
				CLANG_WARN_UNREACHABLE_CODE = YES;
				CLANG_WARN__DUPLICATE_METHOD_MATCH = YES;
				CODE_SIGN_IDENTITY = "-";
				COPY_PHASE_STRIP = NO;
				DEBUG_INFORMATION_FORMAT = "dwarf-with-dsym";
				ENABLE_NS_ASSERTIONS = NO;
				ENABLE_STRICT_OBJC_MSGSEND = YES;
				GCC_C_LANGUAGE_STANDARD = gnu99;
				GCC_NO_COMMON_BLOCKS = YES;
				GCC_WARN_64_TO_32_BIT_CONVERSION = YES;
				GCC_WARN_ABOUT_RETURN_TYPE = YES_ERROR;
				GCC_WARN_UNDECLARED_SELECTOR = YES;
				GCC_WARN_UNINITIALIZED_AUTOS = YES_AGGRESSIVE;
				GCC_WARN_UNUSED_FUNCTION = YES;
				GCC_WARN_UNUSED_VARIABLE = YES;
				MACOSX_DEPLOYMENT_TARGET = 10.12;
				MTL_ENABLE_DEBUG_INFO = NO;
				SDKROOT = macosx;
			};
			name = Release;
		};
		DB57FD771DC785CC00F853FD /* Debug */ = {
			isa = XCBuildConfiguration;
			buildSettings = {
				PRODUCT_NAME = "$(TARGET_NAME)";
			};
			name = Debug;
		};
		DB57FD781DC785CC00F853FD /* Release */ = {
			isa = XCBuildConfiguration;
			buildSettings = {
				PRODUCT_NAME = "$(TARGET_NAME)";
			};
			name = Release;
		};
/* End XCBuildConfiguration section */

/* Begin XCConfigurationList section */
		DB57FD6A1DC785CB00F853FD /* Build configuration list for PBXProject "Genetics Coding Project" */ = {
			isa = XCConfigurationList;
			buildConfigurations = (
				DB57FD741DC785CC00F853FD /* Debug */,
				DB57FD751DC785CC00F853FD /* Release */,
			);
			defaultConfigurationIsVisible = 0;
			defaultConfigurationName = Release;
		};
		DB57FD761DC785CC00F853FD /* Build configuration list for PBXNativeTarget "Genetics Coding Project" */ = {
			isa = XCConfigurationList;
			buildConfigurations = (
				DB57FD771DC785CC00F853FD /* Debug */,
				DB57FD781DC785CC00F853FD /* Release */,
			);
			defaultConfigurationIsVisible = 0;
		};
/* End XCConfigurationList section */
	};
	rootObject = DB57FD671DC785CB00F853FD /* Project object */;
}
